// !$*UTF8*$!
{
	archiveVersion = 1;
	classes = {
	};
	objectVersion = 46;
	objects = {

/* Begin PBXBuildFile section */
		4203648820FA4C4700E8710F /* UIButton+Extension.swift in Sources */ = {isa = PBXBuildFile; fileRef = 4203648720FA4C4700E8710F /* UIButton+Extension.swift */; };
		4203648A20FA68FB00E8710F /* NewTaskListViewController.swift in Sources */ = {isa = PBXBuildFile; fileRef = 4203648920FA68FB00E8710F /* NewTaskListViewController.swift */; };
		4203648D20FA703B00E8710F /* IconCollectionViewCell.swift in Sources */ = {isa = PBXBuildFile; fileRef = 4203648C20FA703B00E8710F /* IconCollectionViewCell.swift */; };
		4203648F20FA767000E8710F /* TaskListDetailViewController.swift in Sources */ = {isa = PBXBuildFile; fileRef = 4203648E20FA767000E8710F /* TaskListDetailViewController.swift */; };
		420DAB8520F20E4100B3ACC0 /* Date+Extension.swift in Sources */ = {isa = PBXBuildFile; fileRef = 420DAB8420F20E4100B3ACC0 /* Date+Extension.swift */; };
		421819B220E3F0FD00902682 /* UtilsFunc.swift in Sources */ = {isa = PBXBuildFile; fileRef = 421819B120E3F0FD00902682 /* UtilsFunc.swift */; };
		421819B420E3F13000902682 /* AppConstant.swift in Sources */ = {isa = PBXBuildFile; fileRef = 421819B320E3F13000902682 /* AppConstant.swift */; };
		421819B620E3F25600902682 /* AppMessage.swift in Sources */ = {isa = PBXBuildFile; fileRef = 421819B520E3F25600902682 /* AppMessage.swift */; };
		421819BA20E405AE00902682 /* Toast.swift in Sources */ = {isa = PBXBuildFile; fileRef = 421819B920E405AE00902682 /* Toast.swift */; };
		4232FD2520F654F7005FE3CA /* MapViewController.swift in Sources */ = {isa = PBXBuildFile; fileRef = 4232FD2420F654F7005FE3CA /* MapViewController.swift */; };
		425192DA20F8EEB20044523B /* Main.storyboard in Resources */ = {isa = PBXBuildFile; fileRef = 425192D920F8EEB20044523B /* Main.storyboard */; };
		425192DC20F90B530044523B /* MainViewController.swift in Sources */ = {isa = PBXBuildFile; fileRef = 425192DB20F90B530044523B /* MainViewController.swift */; };
		425192DE20F90CDF0044523B /* TaskListCollectionViewCell.swift in Sources */ = {isa = PBXBuildFile; fileRef = 425192DD20F90CDF0044523B /* TaskListCollectionViewCell.swift */; };
		425A070D20F6625A003FC7CF /* SearchLocationTableViewController.swift in Sources */ = {isa = PBXBuildFile; fileRef = 425A070C20F6625A003FC7CF /* SearchLocationTableViewController.swift */; };
		425A070F20F66ED8003FC7CF /* LocationResultTableViewCell.swift in Sources */ = {isa = PBXBuildFile; fileRef = 425A070E20F66ED8003FC7CF /* LocationResultTableViewCell.swift */; };
		4299711B20FAEFFE00A0F6AE /* BaseViewController.swift in Sources */ = {isa = PBXBuildFile; fileRef = 4299711A20FAEFFE00A0F6AE /* BaseViewController.swift */; };
		4299711D20FAFA8400A0F6AE /* UIColor+Extension.swift in Sources */ = {isa = PBXBuildFile; fileRef = 4299711C20FAFA8400A0F6AE /* UIColor+Extension.swift */; };
		4299711F20FAFCBD00A0F6AE /* TaskTableViewCell.swift in Sources */ = {isa = PBXBuildFile; fileRef = 4299711E20FAFCBD00A0F6AE /* TaskTableViewCell.swift */; };
		42AA51C120EBCD7600F84AEC /* ViewController+Delegate.swift in Sources */ = {isa = PBXBuildFile; fileRef = 42AA51C020EBCD7600F84AEC /* ViewController+Delegate.swift */; };
		42AA51C320EBD00A00F84AEC /* TaskService.swift in Sources */ = {isa = PBXBuildFile; fileRef = 42AA51C220EBD00A00F84AEC /* TaskService.swift */; };
		42E0D86D20EA8AEF00FB923D /* TaskListService.swift in Sources */ = {isa = PBXBuildFile; fileRef = 42E0D86C20EA8AEF00FB923D /* TaskListService.swift */; };
		42F4A63B20FB84DC000BD202 /* NewTaskViewController.swift in Sources */ = {isa = PBXBuildFile; fileRef = 42F4A63A20FB84DC000BD202 /* NewTaskViewController.swift */; };
		D5A000F1F2F3796B9C692C34 /* Pods_myTask.framework in Frameworks */ = {isa = PBXBuildFile; fileRef = 037F4197A5C098A28D18DA35 /* Pods_myTask.framework */; };
		DF2530EF1F26DAAA00838376 /* AppDelegate.swift in Sources */ = {isa = PBXBuildFile; fileRef = DF2530EE1F26DAAA00838376 /* AppDelegate.swift */; };
		DF2530F61F26DAAA00838376 /* Assets.xcassets in Resources */ = {isa = PBXBuildFile; fileRef = DF2530F51F26DAAA00838376 /* Assets.xcassets */; };
		DF2530F91F26DAAA00838376 /* LaunchScreen.storyboard in Resources */ = {isa = PBXBuildFile; fileRef = DF2530F71F26DAAA00838376 /* LaunchScreen.storyboard */; };
		DFCCD8E91F26DD4D000E054C /* Task.swift in Sources */ = {isa = PBXBuildFile; fileRef = DFCCD8E81F26DD4D000E054C /* Task.swift */; };
		DFCCD8EB1F26DDA4000E054C /* TaskList.swift in Sources */ = {isa = PBXBuildFile; fileRef = DFCCD8EA1F26DDA4000E054C /* TaskList.swift */; };
		DFCCD8EE1F26DF95000E054C /* RealmService.swift in Sources */ = {isa = PBXBuildFile; fileRef = DFCCD8ED1F26DF95000E054C /* RealmService.swift */; };
/* End PBXBuildFile section */

/* Begin PBXFileReference section */
		037F4197A5C098A28D18DA35 /* Pods_myTask.framework */ = {isa = PBXFileReference; explicitFileType = wrapper.framework; includeInIndex = 0; path = Pods_myTask.framework; sourceTree = BUILT_PRODUCTS_DIR; };
		4203648720FA4C4700E8710F /* UIButton+Extension.swift */ = {isa = PBXFileReference; lastKnownFileType = sourcecode.swift; path = "UIButton+Extension.swift"; sourceTree = "<group>"; };
		4203648920FA68FB00E8710F /* NewTaskListViewController.swift */ = {isa = PBXFileReference; lastKnownFileType = sourcecode.swift; path = NewTaskListViewController.swift; sourceTree = "<group>"; };
		4203648C20FA703B00E8710F /* IconCollectionViewCell.swift */ = {isa = PBXFileReference; lastKnownFileType = sourcecode.swift; path = IconCollectionViewCell.swift; sourceTree = "<group>"; };
		4203648E20FA767000E8710F /* TaskListDetailViewController.swift */ = {isa = PBXFileReference; lastKnownFileType = sourcecode.swift; path = TaskListDetailViewController.swift; sourceTree = "<group>"; };
		420DAB8420F20E4100B3ACC0 /* Date+Extension.swift */ = {isa = PBXFileReference; lastKnownFileType = sourcecode.swift; path = "Date+Extension.swift"; sourceTree = "<group>"; };
		421819B120E3F0FD00902682 /* UtilsFunc.swift */ = {isa = PBXFileReference; lastKnownFileType = sourcecode.swift; path = UtilsFunc.swift; sourceTree = "<group>"; };
		421819B320E3F13000902682 /* AppConstant.swift */ = {isa = PBXFileReference; lastKnownFileType = sourcecode.swift; path = AppConstant.swift; sourceTree = "<group>"; };
		421819B520E3F25600902682 /* AppMessage.swift */ = {isa = PBXFileReference; lastKnownFileType = sourcecode.swift; path = AppMessage.swift; sourceTree = "<group>"; };
		421819B920E405AE00902682 /* Toast.swift */ = {isa = PBXFileReference; lastKnownFileType = sourcecode.swift; path = Toast.swift; sourceTree = "<group>"; };
		4232FD2420F654F7005FE3CA /* MapViewController.swift */ = {isa = PBXFileReference; lastKnownFileType = sourcecode.swift; path = MapViewController.swift; sourceTree = "<group>"; };
		425192D920F8EEB20044523B /* Main.storyboard */ = {isa = PBXFileReference; lastKnownFileType = file.storyboard; path = Main.storyboard; sourceTree = "<group>"; };
		425192DB20F90B530044523B /* MainViewController.swift */ = {isa = PBXFileReference; lastKnownFileType = sourcecode.swift; path = MainViewController.swift; sourceTree = "<group>"; };
		425192DD20F90CDF0044523B /* TaskListCollectionViewCell.swift */ = {isa = PBXFileReference; lastKnownFileType = sourcecode.swift; path = TaskListCollectionViewCell.swift; sourceTree = "<group>"; };
		425A070C20F6625A003FC7CF /* SearchLocationTableViewController.swift */ = {isa = PBXFileReference; lastKnownFileType = sourcecode.swift; path = SearchLocationTableViewController.swift; sourceTree = "<group>"; };
		425A070E20F66ED8003FC7CF /* LocationResultTableViewCell.swift */ = {isa = PBXFileReference; lastKnownFileType = sourcecode.swift; path = LocationResultTableViewCell.swift; sourceTree = "<group>"; };
		4299711A20FAEFFE00A0F6AE /* BaseViewController.swift */ = {isa = PBXFileReference; lastKnownFileType = sourcecode.swift; path = BaseViewController.swift; sourceTree = "<group>"; };
		4299711C20FAFA8400A0F6AE /* UIColor+Extension.swift */ = {isa = PBXFileReference; lastKnownFileType = sourcecode.swift; path = "UIColor+Extension.swift"; sourceTree = "<group>"; };
		4299711E20FAFCBD00A0F6AE /* TaskTableViewCell.swift */ = {isa = PBXFileReference; lastKnownFileType = sourcecode.swift; path = TaskTableViewCell.swift; sourceTree = "<group>"; };
		42AA51C020EBCD7600F84AEC /* ViewController+Delegate.swift */ = {isa = PBXFileReference; lastKnownFileType = sourcecode.swift; path = "ViewController+Delegate.swift"; sourceTree = "<group>"; };
		42AA51C220EBD00A00F84AEC /* TaskService.swift */ = {isa = PBXFileReference; lastKnownFileType = sourcecode.swift; path = TaskService.swift; sourceTree = "<group>"; };
		42E0D86C20EA8AEF00FB923D /* TaskListService.swift */ = {isa = PBXFileReference; lastKnownFileType = sourcecode.swift; path = TaskListService.swift; sourceTree = "<group>"; };
		42F4A63A20FB84DC000BD202 /* NewTaskViewController.swift */ = {isa = PBXFileReference; lastKnownFileType = sourcecode.swift; path = NewTaskViewController.swift; sourceTree = "<group>"; };
		8D3680EF58E90094D0436A87 /* Pods-myTask.release.xcconfig */ = {isa = PBXFileReference; includeInIndex = 1; lastKnownFileType = text.xcconfig; name = "Pods-myTask.release.xcconfig"; path = "Pods/Target Support Files/Pods-myTask/Pods-myTask.release.xcconfig"; sourceTree = "<group>"; };
		A5106BE61260D1C1B5B5CF52 /* Pods-myTask.debug.xcconfig */ = {isa = PBXFileReference; includeInIndex = 1; lastKnownFileType = text.xcconfig; name = "Pods-myTask.debug.xcconfig"; path = "Pods/Target Support Files/Pods-myTask/Pods-myTask.debug.xcconfig"; sourceTree = "<group>"; };
		DF2530EB1F26DAAA00838376 /* myTask.app */ = {isa = PBXFileReference; explicitFileType = wrapper.application; includeInIndex = 0; path = myTask.app; sourceTree = BUILT_PRODUCTS_DIR; };
		DF2530EE1F26DAAA00838376 /* AppDelegate.swift */ = {isa = PBXFileReference; lastKnownFileType = sourcecode.swift; path = AppDelegate.swift; sourceTree = "<group>"; };
		DF2530F51F26DAAA00838376 /* Assets.xcassets */ = {isa = PBXFileReference; lastKnownFileType = folder.assetcatalog; path = Assets.xcassets; sourceTree = "<group>"; };
		DF2530F81F26DAAA00838376 /* Base */ = {isa = PBXFileReference; lastKnownFileType = file.storyboard; name = Base; path = Base.lproj/LaunchScreen.storyboard; sourceTree = "<group>"; };
		DF2530FA1F26DAAA00838376 /* Info.plist */ = {isa = PBXFileReference; lastKnownFileType = text.plist.xml; path = Info.plist; sourceTree = "<group>"; };
		DFCCD8E81F26DD4D000E054C /* Task.swift */ = {isa = PBXFileReference; fileEncoding = 4; lastKnownFileType = sourcecode.swift; path = Task.swift; sourceTree = "<group>"; };
		DFCCD8EA1F26DDA4000E054C /* TaskList.swift */ = {isa = PBXFileReference; fileEncoding = 4; lastKnownFileType = sourcecode.swift; path = TaskList.swift; sourceTree = "<group>"; };
		DFCCD8ED1F26DF95000E054C /* RealmService.swift */ = {isa = PBXFileReference; fileEncoding = 4; lastKnownFileType = sourcecode.swift; path = RealmService.swift; sourceTree = "<group>"; };
/* End PBXFileReference section */

/* Begin PBXFrameworksBuildPhase section */
		DF2530E81F26DAAA00838376 /* Frameworks */ = {
			isa = PBXFrameworksBuildPhase;
			buildActionMask = 2147483647;
			files = (
				D5A000F1F2F3796B9C692C34 /* Pods_myTask.framework in Frameworks */,
			);
			runOnlyForDeploymentPostprocessing = 0;
		};
/* End PBXFrameworksBuildPhase section */

/* Begin PBXGroup section */
		2158E3D974E46AFF5AFD9D3B /* Pods */ = {
			isa = PBXGroup;
			children = (
				A5106BE61260D1C1B5B5CF52 /* Pods-myTask.debug.xcconfig */,
				8D3680EF58E90094D0436A87 /* Pods-myTask.release.xcconfig */,
			);
			name = Pods;
			sourceTree = "<group>";
		};
		4203648B20FA6EAE00E8710F /* CustomView */ = {
			isa = PBXGroup;
			children = (
			);
			name = CustomView;
			sourceTree = "<group>";
		};
		421819B020E3F0E700902682 /* Utils */ = {
			isa = PBXGroup;
			children = (
				4203648B20FA6EAE00E8710F /* CustomView */,
				421819B120E3F0FD00902682 /* UtilsFunc.swift */,
				421819B320E3F13000902682 /* AppConstant.swift */,
				421819B520E3F25600902682 /* AppMessage.swift */,
				420DAB8420F20E4100B3ACC0 /* Date+Extension.swift */,
				4203648720FA4C4700E8710F /* UIButton+Extension.swift */,
				4299711C20FAFA8400A0F6AE /* UIColor+Extension.swift */,
			);
			name = Utils;
			sourceTree = "<group>";
		};
		421819B720E4056800902682 /* Libs */ = {
			isa = PBXGroup;
			children = (
				421819B820E4056F00902682 /* Toast */,
			);
			name = Libs;
			sourceTree = "<group>";
		};
		421819B820E4056F00902682 /* Toast */ = {
			isa = PBXGroup;
			children = (
				421819B920E405AE00902682 /* Toast.swift */,
			);
			name = Toast;
			sourceTree = "<group>";
		};
		42AA51BF20EBCD3900F84AEC /* Protocol */ = {
			isa = PBXGroup;
			children = (
				42AA51C020EBCD7600F84AEC /* ViewController+Delegate.swift */,
			);
			name = Protocol;
			sourceTree = "<group>";
		};
		DF2530E21F26DAAA00838376 = {
			isa = PBXGroup;
			children = (
				DF2530ED1F26DAAA00838376 /* myTask */,
				DF2530EC1F26DAAA00838376 /* Products */,
				2158E3D974E46AFF5AFD9D3B /* Pods */,
				F986A9D3BA4B3889036E7D05 /* Frameworks */,
			);
			sourceTree = "<group>";
		};
		DF2530EC1F26DAAA00838376 /* Products */ = {
			isa = PBXGroup;
			children = (
				DF2530EB1F26DAAA00838376 /* myTask.app */,
			);
			name = Products;
			sourceTree = "<group>";
		};
		DF2530ED1F26DAAA00838376 /* myTask */ = {
			isa = PBXGroup;
			children = (
				42AA51BF20EBCD3900F84AEC /* Protocol */,
				421819B720E4056800902682 /* Libs */,
				421819B020E3F0E700902682 /* Utils */,
				DFCCD8F41F273D2B000E054C /* Cell */,
				DFCCD8EF1F26E0F2000E054C /* Controller */,
				DFCCD8EC1F26DF88000E054C /* Service */,
				DFCCD8E71F26DD40000E054C /* Model */,
				DF2530EE1F26DAAA00838376 /* AppDelegate.swift */,
				DF2530F51F26DAAA00838376 /* Assets.xcassets */,
				DF2530F71F26DAAA00838376 /* LaunchScreen.storyboard */,
				DF2530FA1F26DAAA00838376 /* Info.plist */,
				425192D920F8EEB20044523B /* Main.storyboard */,
			);
			path = myTask;
			sourceTree = "<group>";
		};
		DFCCD8E71F26DD40000E054C /* Model */ = {
			isa = PBXGroup;
			children = (
				DFCCD8E81F26DD4D000E054C /* Task.swift */,
				DFCCD8EA1F26DDA4000E054C /* TaskList.swift */,
			);
			name = Model;
			sourceTree = "<group>";
		};
		DFCCD8EC1F26DF88000E054C /* Service */ = {
			isa = PBXGroup;
			children = (
				DFCCD8ED1F26DF95000E054C /* RealmService.swift */,
				42E0D86C20EA8AEF00FB923D /* TaskListService.swift */,
				42AA51C220EBD00A00F84AEC /* TaskService.swift */,
			);
			name = Service;
			sourceTree = "<group>";
		};
		DFCCD8EF1F26E0F2000E054C /* Controller */ = {
			isa = PBXGroup;
			children = (
				4232FD2420F654F7005FE3CA /* MapViewController.swift */,
				425A070C20F6625A003FC7CF /* SearchLocationTableViewController.swift */,
				4299711A20FAEFFE00A0F6AE /* BaseViewController.swift */,
				425192DB20F90B530044523B /* MainViewController.swift */,
				4203648E20FA767000E8710F /* TaskListDetailViewController.swift */,
				4203648920FA68FB00E8710F /* NewTaskListViewController.swift */,
				42F4A63A20FB84DC000BD202 /* NewTaskViewController.swift */,
			);
			name = Controller;
			sourceTree = "<group>";
		};
		DFCCD8F41F273D2B000E054C /* Cell */ = {
			isa = PBXGroup;
			children = (
				425A070E20F66ED8003FC7CF /* LocationResultTableViewCell.swift */,
				425192DD20F90CDF0044523B /* TaskListCollectionViewCell.swift */,
				4203648C20FA703B00E8710F /* IconCollectionViewCell.swift */,
				4299711E20FAFCBD00A0F6AE /* TaskTableViewCell.swift */,
			);
			name = Cell;
			sourceTree = "<group>";
		};
		F986A9D3BA4B3889036E7D05 /* Frameworks */ = {
			isa = PBXGroup;
			children = (
				037F4197A5C098A28D18DA35 /* Pods_myTask.framework */,
			);
			name = Frameworks;
			sourceTree = "<group>";
		};
/* End PBXGroup section */

/* Begin PBXNativeTarget section */
		DF2530EA1F26DAAA00838376 /* myTask */ = {
			isa = PBXNativeTarget;
			buildConfigurationList = DF2530FD1F26DAAA00838376 /* Build configuration list for PBXNativeTarget "myTask" */;
			buildPhases = (
				16922E8BC58FF1789FA26B22 /* [CP] Check Pods Manifest.lock */,
				DF2530E71F26DAAA00838376 /* Sources */,
				DF2530E81F26DAAA00838376 /* Frameworks */,
				DF2530E91F26DAAA00838376 /* Resources */,
				F89E6398E31C4CD3CC2F09E0 /* [CP] Embed Pods Frameworks */,
			);
			buildRules = (
			);
			dependencies = (
			);
			name = myTask;
			productName = myTask;
			productReference = DF2530EB1F26DAAA00838376 /* myTask.app */;
			productType = "com.apple.product-type.application";
		};
/* End PBXNativeTarget section */

/* Begin PBXProject section */
		DF2530E31F26DAAA00838376 /* Project object */ = {
			isa = PBXProject;
			attributes = {
				LastSwiftUpdateCheck = 0830;
				LastUpgradeCheck = 0830;
				ORGANIZATIONNAME = "Quang Nghia";
				TargetAttributes = {
					DF2530EA1F26DAAA00838376 = {
						CreatedOnToolsVersion = 8.3.2;
						ProvisioningStyle = Manual;
					};
				};
			};
			buildConfigurationList = DF2530E61F26DAAA00838376 /* Build configuration list for PBXProject "myTask" */;
			compatibilityVersion = "Xcode 3.2";
			developmentRegion = English;
			hasScannedForEncodings = 0;
			knownRegions = (
				English,
				en,
				Base,
			);
			mainGroup = DF2530E21F26DAAA00838376;
			productRefGroup = DF2530EC1F26DAAA00838376 /* Products */;
			projectDirPath = "";
			projectRoot = "";
			targets = (
				DF2530EA1F26DAAA00838376 /* myTask */,
			);
		};
/* End PBXProject section */

/* Begin PBXResourcesBuildPhase section */
		DF2530E91F26DAAA00838376 /* Resources */ = {
			isa = PBXResourcesBuildPhase;
			buildActionMask = 2147483647;
			files = (
				425192DA20F8EEB20044523B /* Main.storyboard in Resources */,
				DF2530F91F26DAAA00838376 /* LaunchScreen.storyboard in Resources */,
				DF2530F61F26DAAA00838376 /* Assets.xcassets in Resources */,
			);
			runOnlyForDeploymentPostprocessing = 0;
		};
/* End PBXResourcesBuildPhase section */

/* Begin PBXShellScriptBuildPhase section */
		16922E8BC58FF1789FA26B22 /* [CP] Check Pods Manifest.lock */ = {
			isa = PBXShellScriptBuildPhase;
			buildActionMask = 2147483647;
			files = (
			);
			inputPaths = (
				"${PODS_PODFILE_DIR_PATH}/Podfile.lock",
				"${PODS_ROOT}/Manifest.lock",
			);
			name = "[CP] Check Pods Manifest.lock";
			outputPaths = (
				"$(DERIVED_FILE_DIR)/Pods-myTask-checkManifestLockResult.txt",
			);
			runOnlyForDeploymentPostprocessing = 0;
			shellPath = /bin/sh;
			shellScript = "diff \"${PODS_PODFILE_DIR_PATH}/Podfile.lock\" \"${PODS_ROOT}/Manifest.lock\" > /dev/null\nif [ $? != 0 ] ; then\n    # print error to STDERR\n    echo \"error: The sandbox is not in sync with the Podfile.lock. Run 'pod install' or update your CocoaPods installation.\" >&2\n    exit 1\nfi\n# This output is used by Xcode 'outputs' to avoid re-running this script phase.\necho \"SUCCESS\" > \"${SCRIPT_OUTPUT_FILE_0}\"\n";
			showEnvVarsInLog = 0;
		};
		F89E6398E31C4CD3CC2F09E0 /* [CP] Embed Pods Frameworks */ = {
			isa = PBXShellScriptBuildPhase;
			buildActionMask = 2147483647;
			files = (
			);
			inputPaths = (
				"${PODS_ROOT}/Target Support Files/Pods-myTask/Pods-myTask-frameworks.sh",
				"${BUILT_PRODUCTS_DIR}/Realm/Realm.framework",
				"${BUILT_PRODUCTS_DIR}/RealmSwift/RealmSwift.framework",
				"${BUILT_PRODUCTS_DIR}/SnapKit/SnapKit.framework",
			);
			name = "[CP] Embed Pods Frameworks";
			outputPaths = (
				"${TARGET_BUILD_DIR}/${FRAMEWORKS_FOLDER_PATH}/Realm.framework",
				"${TARGET_BUILD_DIR}/${FRAMEWORKS_FOLDER_PATH}/RealmSwift.framework",
				"${TARGET_BUILD_DIR}/${FRAMEWORKS_FOLDER_PATH}/SnapKit.framework",
			);
			runOnlyForDeploymentPostprocessing = 0;
			shellPath = /bin/sh;
			shellScript = "\"${PODS_ROOT}/Target Support Files/Pods-myTask/Pods-myTask-frameworks.sh\"\n";
			showEnvVarsInLog = 0;
		};
/* End PBXShellScriptBuildPhase section */

/* Begin PBXSourcesBuildPhase section */
		DF2530E71F26DAAA00838376 /* Sources */ = {
			isa = PBXSourcesBuildPhase;
			buildActionMask = 2147483647;
			files = (
				421819B420E3F13000902682 /* AppConstant.swift in Sources */,
				4203648F20FA767000E8710F /* TaskListDetailViewController.swift in Sources */,
				4299711B20FAEFFE00A0F6AE /* BaseViewController.swift in Sources */,
				4203648D20FA703B00E8710F /* IconCollectionViewCell.swift in Sources */,
				421819B620E3F25600902682 /* AppMessage.swift in Sources */,
				42F4A63B20FB84DC000BD202 /* NewTaskViewController.swift in Sources */,
				42AA51C320EBD00A00F84AEC /* TaskService.swift in Sources */,
				425A070D20F6625A003FC7CF /* SearchLocationTableViewController.swift in Sources */,
				DFCCD8EB1F26DDA4000E054C /* TaskList.swift in Sources */,
				42AA51C120EBCD7600F84AEC /* ViewController+Delegate.swift in Sources */,
				DFCCD8E91F26DD4D000E054C /* Task.swift in Sources */,
				DF2530EF1F26DAAA00838376 /* AppDelegate.swift in Sources */,
				DFCCD8EE1F26DF95000E054C /* RealmService.swift in Sources */,
				421819BA20E405AE00902682 /* Toast.swift in Sources */,
				425192DE20F90CDF0044523B /* TaskListCollectionViewCell.swift in Sources */,
				4299711D20FAFA8400A0F6AE /* UIColor+Extension.swift in Sources */,
				425A070F20F66ED8003FC7CF /* LocationResultTableViewCell.swift in Sources */,
				4299711F20FAFCBD00A0F6AE /* TaskTableViewCell.swift in Sources */,
				4203648820FA4C4700E8710F /* UIButton+Extension.swift in Sources */,
				420DAB8520F20E4100B3ACC0 /* Date+Extension.swift in Sources */,
				42E0D86D20EA8AEF00FB923D /* TaskListService.swift in Sources */,
				4203648A20FA68FB00E8710F /* NewTaskListViewController.swift in Sources */,
				421819B220E3F0FD00902682 /* UtilsFunc.swift in Sources */,
				4232FD2520F654F7005FE3CA /* MapViewController.swift in Sources */,
				425192DC20F90B530044523B /* MainViewController.swift in Sources */,
			);
			runOnlyForDeploymentPostprocessing = 0;
		};
/* End PBXSourcesBuildPhase section */

/* Begin PBXVariantGroup section */
		DF2530F71F26DAAA00838376 /* LaunchScreen.storyboard */ = {
			isa = PBXVariantGroup;
			children = (
				DF2530F81F26DAAA00838376 /* Base */,
			);
			name = LaunchScreen.storyboard;
			sourceTree = "<group>";
		};
/* End PBXVariantGroup section */

/* Begin XCBuildConfiguration section */
		DF2530FB1F26DAAA00838376 /* Debug */ = {
			isa = XCBuildConfiguration;
			buildSettings = {
				ALWAYS_SEARCH_USER_PATHS = NO;
				CLANG_ANALYZER_NONNULL = YES;
				CLANG_ANALYZER_NUMBER_OBJECT_CONVERSION = YES_AGGRESSIVE;
				CLANG_CXX_LANGUAGE_STANDARD = "gnu++0x";
				CLANG_CXX_LIBRARY = "libc++";
				CLANG_ENABLE_MODULES = YES;
				CLANG_ENABLE_OBJC_ARC = YES;
				CLANG_WARN_BOOL_CONVERSION = YES;
				CLANG_WARN_CONSTANT_CONVERSION = YES;
				CLANG_WARN_DIRECT_OBJC_ISA_USAGE = YES_ERROR;
				CLANG_WARN_DOCUMENTATION_COMMENTS = YES;
				CLANG_WARN_EMPTY_BODY = YES;
				CLANG_WARN_ENUM_CONVERSION = YES;
				CLANG_WARN_INFINITE_RECURSION = YES;
				CLANG_WARN_INT_CONVERSION = YES;
				CLANG_WARN_OBJC_ROOT_CLASS = YES_ERROR;
				CLANG_WARN_SUSPICIOUS_MOVE = YES;
				CLANG_WARN_UNREACHABLE_CODE = YES;
				CLANG_WARN__DUPLICATE_METHOD_MATCH = YES;
				"CODE_SIGN_IDENTITY[sdk=iphoneos*]" = "iPhone Developer";
				COPY_PHASE_STRIP = NO;
				DEBUG_INFORMATION_FORMAT = dwarf;
				ENABLE_STRICT_OBJC_MSGSEND = YES;
				ENABLE_TESTABILITY = YES;
				GCC_C_LANGUAGE_STANDARD = gnu99;
				GCC_DYNAMIC_NO_PIC = NO;
				GCC_NO_COMMON_BLOCKS = YES;
				GCC_OPTIMIZATION_LEVEL = 0;
				GCC_PREPROCESSOR_DEFINITIONS = (
					"DEBUG=1",
					"$(inherited)",
				);
				GCC_WARN_64_TO_32_BIT_CONVERSION = YES;
				GCC_WARN_ABOUT_RETURN_TYPE = YES_ERROR;
				GCC_WARN_UNDECLARED_SELECTOR = YES;
				GCC_WARN_UNINITIALIZED_AUTOS = YES_AGGRESSIVE;
				GCC_WARN_UNUSED_FUNCTION = YES;
				GCC_WARN_UNUSED_VARIABLE = YES;
				IPHONEOS_DEPLOYMENT_TARGET = 10.3;
				MTL_ENABLE_DEBUG_INFO = YES;
				ONLY_ACTIVE_ARCH = YES;
				SDKROOT = iphoneos;
				SWIFT_ACTIVE_COMPILATION_CONDITIONS = DEBUG;
				SWIFT_OPTIMIZATION_LEVEL = "-Onone";
			};
			name = Debug;
		};
		DF2530FC1F26DAAA00838376 /* Release */ = {
			isa = XCBuildConfiguration;
			buildSettings = {
				ALWAYS_SEARCH_USER_PATHS = NO;
				CLANG_ANALYZER_NONNULL = YES;
				CLANG_ANALYZER_NUMBER_OBJECT_CONVERSION = YES_AGGRESSIVE;
				CLANG_CXX_LANGUAGE_STANDARD = "gnu++0x";
				CLANG_CXX_LIBRARY = "libc++";
				CLANG_ENABLE_MODULES = YES;
				CLANG_ENABLE_OBJC_ARC = YES;
				CLANG_WARN_BOOL_CONVERSION = YES;
				CLANG_WARN_CONSTANT_CONVERSION = YES;
				CLANG_WARN_DIRECT_OBJC_ISA_USAGE = YES_ERROR;
				CLANG_WARN_DOCUMENTATION_COMMENTS = YES;
				CLANG_WARN_EMPTY_BODY = YES;
				CLANG_WARN_ENUM_CONVERSION = YES;
				CLANG_WARN_INFINITE_RECURSION = YES;
				CLANG_WARN_INT_CONVERSION = YES;
				CLANG_WARN_OBJC_ROOT_CLASS = YES_ERROR;
				CLANG_WARN_SUSPICIOUS_MOVE = YES;
				CLANG_WARN_UNREACHABLE_CODE = YES;
				CLANG_WARN__DUPLICATE_METHOD_MATCH = YES;
				"CODE_SIGN_IDENTITY[sdk=iphoneos*]" = "iPhone Developer";
				COPY_PHASE_STRIP = NO;
				DEBUG_INFORMATION_FORMAT = "dwarf-with-dsym";
				ENABLE_NS_ASSERTIONS = NO;
				ENABLE_STRICT_OBJC_MSGSEND = YES;
				GCC_C_LANGUAGE_STANDARD = gnu99;
				GCC_NO_COMMON_BLOCKS = YES;
				GCC_WARN_64_TO_32_BIT_CONVERSION = YES;
				GCC_WARN_ABOUT_RETURN_TYPE = YES_ERROR;
				GCC_WARN_UNDECLARED_SELECTOR = YES;
				GCC_WARN_UNINITIALIZED_AUTOS = YES_AGGRESSIVE;
				GCC_WARN_UNUSED_FUNCTION = YES;
				GCC_WARN_UNUSED_VARIABLE = YES;
				IPHONEOS_DEPLOYMENT_TARGET = 10.3;
				MTL_ENABLE_DEBUG_INFO = NO;
				SDKROOT = iphoneos;
				SWIFT_OPTIMIZATION_LEVEL = "-Owholemodule";
				VALIDATE_PRODUCT = YES;
			};
			name = Release;
		};
		DF2530FE1F26DAAA00838376 /* Debug */ = {
			isa = XCBuildConfiguration;
			baseConfigurationReference = A5106BE61260D1C1B5B5CF52 /* Pods-myTask.debug.xcconfig */;
			buildSettings = {
				ASSETCATALOG_COMPILER_APPICON_NAME = AppIcon;
				CODE_SIGN_STYLE = Manual;
				DEVELOPMENT_TEAM = "";
				INFOPLIST_FILE = myTask/Info.plist;
				LD_RUNPATH_SEARCH_PATHS = "$(inherited) @executable_path/Frameworks";
				PRODUCT_BUNDLE_IDENTIFIER = com.nghianq.myTask;
				PRODUCT_NAME = "$(TARGET_NAME)";
				PROVISIONING_PROFILE_SPECIFIER = "";
				SWIFT_VERSION = 5.0;
			};
			name = Debug;
		};
		DF2530FF1F26DAAA00838376 /* Release */ = {
			isa = XCBuildConfiguration;
			baseConfigurationReference = 8D3680EF58E90094D0436A87 /* Pods-myTask.release.xcconfig */;
			buildSettings = {
				ASSETCATALOG_COMPILER_APPICON_NAME = AppIcon;
				CODE_SIGN_STYLE = Manual;
				DEVELOPMENT_TEAM = "";
				INFOPLIST_FILE = myTask/Info.plist;
				LD_RUNPATH_SEARCH_PATHS = "$(inherited) @executable_path/Frameworks";
				PRODUCT_BUNDLE_IDENTIFIER = com.nghianq.myTask;
				PRODUCT_NAME = "$(TARGET_NAME)";
				PROVISIONING_PROFILE_SPECIFIER = "";
				SWIFT_VERSION = 5.0;
			};
			name = Release;
		};
/* End XCBuildConfiguration section */

/* Begin XCConfigurationList section */
		DF2530E61F26DAAA00838376 /* Build configuration list for PBXProject "myTask" */ = {
			isa = XCConfigurationList;
			buildConfigurations = (
				DF2530FB1F26DAAA00838376 /* Debug */,
				DF2530FC1F26DAAA00838376 /* Release */,
			);
			defaultConfigurationIsVisible = 0;
			defaultConfigurationName = Release;
		};
		DF2530FD1F26DAAA00838376 /* Build configuration list for PBXNativeTarget "myTask" */ = {
			isa = XCConfigurationList;
			buildConfigurations = (
				DF2530FE1F26DAAA00838376 /* Debug */,
				DF2530FF1F26DAAA00838376 /* Release */,
			);
			defaultConfigurationIsVisible = 0;
			defaultConfigurationName = Release;
		};
/* End XCConfigurationList section */
	};
	rootObject = DF2530E31F26DAAA00838376 /* Project object */;
}
